
Microsoft Visual Studio Solution File, Format Version 12.00
# Visual Studio 15
VisualStudioVersion = 15.0.28307.271
MinimumVisualStudioVersion = 10.0.40219.1
Project("{FAE04EC0-301F-11D3-BF4B-00C04F79EFBC}") = "Deliverable3Array", "Deliverable3Array\Deliverable3Array.csproj", "{FDF0C94E-6296-496A-A396-0F72903ECEA3}"
EndProject
Global
	GlobalSection(SolutionConfigurationPlatforms) = preSolution
		Debug|Any CPU = Debug|Any CPU
		Release|Any CPU = Release|Any CPU
	EndGlobalSection
	GlobalSection(ProjectConfigurationPlatforms) = postSolution
		{FDF0C94E-6296-496A-A396-0F72903ECEA3}.Debug|Any CPU.ActiveCfg = Debug|Any CPU
		{FDF0C94E-6296-496A-A396-0F72903ECEA3}.Debug|Any CPU.Build.0 = Debug|Any CPU
		{FDF0C94E-6296-496A-A396-0F72903ECEA3}.Release|Any CPU.ActiveCfg = Release|Any CPU
		{FDF0C94E-6296-496A-A396-0F72903ECEA3}.Release|Any CPU.Build.0 = Release|Any CPU
	EndGlobalSection
	GlobalSection(SolutionProperties) = preSolution
		HideSolutionNode = FALSE
	EndGlobalSection
	GlobalSection(ExtensibilityGlobals) = postSolution
		SolutionGuid = {6EB18A62-95F6-4B68-A085-DE2E7A33FF1D}
	EndGlobalSection
EndGlobal
